
Microsoft Visual Studio Solution File, Format Version 12.00
# Visual Studio Version 17
VisualStudioVersion = 17.3.32929.385
MinimumVisualStudioVersion = 10.0.40219.1
Project("{FAE04EC0-301F-11D3-BF4B-00C04F79EFBC}") = "API", "API\API.csproj", "{20AF42BB-3587-4CF3-A60B-906AE5D40FE8}"
EndProject
Project("{2150E333-8FDC-42A3-9474-1A3956D46DE8}") = "src", "src", "{00C799BC-29D2-4C87-98D3-0E98491322FD}"
EndProject
Project("{2150E333-8FDC-42A3-9474-1A3956D46DE8}") = "tests", "tests", "{86B4068C-DBC6-4891-A1DC-409EEBAEFF05}"
EndProject
Project("{FAE04EC0-301F-11D3-BF4B-00C04F79EFBC}") = "API.Tests", "API.Tests\API.Tests.csproj", "{12D1ED3F-497E-44A4-9A1B-2322FEB69A89}"
EndProject
Global
	GlobalSection(SolutionConfigurationPlatforms) = preSolution
		Debug|Any CPU = Debug|Any CPU
		Release|Any CPU = Release|Any CPU
	EndGlobalSection
	GlobalSection(ProjectConfigurationPlatforms) = postSolution
		{20AF42BB-3587-4CF3-A60B-906AE5D40FE8}.Debug|Any CPU.ActiveCfg = Debug|Any CPU
		{20AF42BB-3587-4CF3-A60B-906AE5D40FE8}.Debug|Any CPU.Build.0 = Debug|Any CPU
		{20AF42BB-3587-4CF3-A60B-906AE5D40FE8}.Release|Any CPU.ActiveCfg = Release|Any CPU
		{20AF42BB-3587-4CF3-A60B-906AE5D40FE8}.Release|Any CPU.Build.0 = Release|Any CPU
		{12D1ED3F-497E-44A4-9A1B-2322FEB69A89}.Debug|Any CPU.ActiveCfg = Debug|Any CPU
		{12D1ED3F-497E-44A4-9A1B-2322FEB69A89}.Debug|Any CPU.Build.0 = Debug|Any CPU
		{12D1ED3F-497E-44A4-9A1B-2322FEB69A89}.Release|Any CPU.ActiveCfg = Release|Any CPU
		{12D1ED3F-497E-44A4-9A1B-2322FEB69A89}.Release|Any CPU.Build.0 = Release|Any CPU
	EndGlobalSection
	GlobalSection(SolutionProperties) = preSolution
		HideSolutionNode = FALSE
	EndGlobalSection
	GlobalSection(NestedProjects) = preSolution
		{20AF42BB-3587-4CF3-A60B-906AE5D40FE8} = {00C799BC-29D2-4C87-98D3-0E98491322FD}
		{12D1ED3F-497E-44A4-9A1B-2322FEB69A89} = {86B4068C-DBC6-4891-A1DC-409EEBAEFF05}
	EndGlobalSection
	GlobalSection(ExtensibilityGlobals) = postSolution
		SolutionGuid = {2DEEFFFB-6FBA-43B0-BAAD-7A8D54660397}
	EndGlobalSection
EndGlobal
